<?xml version="1.0" encoding="utf-8"?>
<Project ToolsVersion="4.0" xmlns="http://schemas.microsoft.com/developer/msbuild/2003">
  <ItemGroup>
    <Filter Include="Source Files">
      <UniqueIdentifier>{4FC737F1-C7A5-4376-A066-2A32D752A2FF}</UniqueIdentifier>
      <Extensions>cpp;c;cc;cxx;def;odl;idl;hpj;bat;asm;asmx</Extensions>
    </Filter>
    <Filter Include="Header Files">
      <UniqueIdentifier>{93995380-89BD-4b04-88EB-625FBE52EBFB}</UniqueIdentifier>
      <Extensions>h;hpp;hxx;hm;inl;inc;xsd</Extensions>
    </Filter>
    <Filter Include="Resource Files">
      <UniqueIdentifier>{67DA6AB6-F800-4c08-8B7A-83BB121AAD01}</UniqueIdentifier>
      <Extensions>rc;ico;cur;bmp;dlg;rc2;rct;bin;rgs;gif;jpg;jpeg;jpe;resx;tiff;tif;png;wav;mfcribbon-ms</Extensions>
    </Filter>
    <Filter Include="MFC">
      <UniqueIdentifier>{dd06bfea-60ee-4c3f-8f50-b34282eed134}</UniqueIdentifier>
    </Filter>
    <Filter Include="Strategy">
      <UniqueIdentifier>{b1097128-10c4-48e4-beca-fac3be3db583}</UniqueIdentifier>
    </Filter>
    <Filter Include="Xing">
      <UniqueIdentifier>{c474795d-7cd8-4f57-b223-9464893cffaf}</UniqueIdentifier>
    </Filter>
  </ItemGroup>
  <ItemGroup>
    <Text Include="ReadMe.txt" />
  </ItemGroup>
  <ItemGroup>
    <ClInclude Include="MainFrm.h">
      <Filter>MFC</Filter>
    </ClInclude>
    <ClInclude Include="OutputWnd.h">
      <Filter>MFC</Filter>
    </ClInclude>
    <ClInclude Include="PropertiesWnd.h">
      <Filter>MFC</Filter>
    </ClInclude>
    <ClInclude Include="Resource.h">
      <Filter>MFC</Filter>
    </ClInclude>
    <ClInclude Include="stdafx.h">
      <Filter>MFC</Filter>
    </ClInclude>
    <ClInclude Include="targetver.h">
      <Filter>MFC</Filter>
    </ClInclude>
    <ClInclude Include="TradeCpp.h">
      <Filter>MFC</Filter>
    </ClInclude>
    <ClInclude Include="TradeCppDoc.h">
      <Filter>MFC</Filter>
    </ClInclude>
    <ClInclude Include="TradeCppView.h">
      <Filter>MFC</Filter>
    </ClInclude>
    <ClInclude Include="StrategyBase.h">
      <Filter>Strategy</Filter>
    </ClInclude>
    <ClInclude Include="Packet.h">
      <Filter>Xing</Filter>
    </ClInclude>
    <ClInclude Include="GoldenCrossStrategy.h">
      <Filter>Strategy</Filter>
    </ClInclude>
    <ClInclude Include="LoginDialog.h">
      <Filter>Xing</Filter>
    </ClInclude>
  </ItemGroup>
  <ItemGroup>
    <ClCompile Include="MainFrm.cpp">
      <Filter>MFC</Filter>
    </ClCompile>
    <ClCompile Include="OutputWnd.cpp">
      <Filter>MFC</Filter>
    </ClCompile>
    <ClCompile Include="PropertiesWnd.cpp">
      <Filter>MFC</Filter>
    </ClCompile>
    <ClCompile Include="stdafx.cpp">
      <Filter>MFC</Filter>
    </ClCompile>
    <ClCompile Include="TradeCpp.cpp">
      <Filter>MFC</Filter>
    </ClCompile>
    <ClCompile Include="TradeCppDoc.cpp">
      <Filter>MFC</Filter>
    </ClCompile>
    <ClCompile Include="TradeCppView.cpp">
      <Filter>MFC</Filter>
    </ClCompile>
    <ClCompile Include="StrategyBase.cpp">
      <Filter>Strategy</Filter>
    </ClCompile>
    <ClCompile Include="Packet.cpp">
      <Filter>Xing</Filter>
    </ClCompile>
    <ClCompile Include="GoldenCrossStrategy.cpp">
      <Filter>Strategy</Filter>
    </ClCompile>
    <ClCompile Include="LoginDialog.cpp">
      <Filter>Xing</Filter>
    </ClCompile>
  </ItemGroup>
  <ItemGroup>
    <ResourceCompile Include="TradeCpp.rc">
      <Filter>Resource Files</Filter>
    </ResourceCompile>
  </ItemGroup>
  <ItemGroup>
    <Image Include="res\output_wnd.ico">
      <Filter>Resource Files</Filter>
    </Image>
    <Image Include="res\output_wnd_hc.ico">
      <Filter>Resource Files</Filter>
    </Image>
    <Image Include="res\properties_wnd.ico">
      <Filter>Resource Files</Filter>
    </Image>
    <Image Include="res\properties_wnd_hc.ico">
      <Filter>Resource Files</Filter>
    </Image>
    <Image Include="res\properties.bmp">
      <Filter>Resource Files</Filter>
    </Image>
    <Image Include="res\properties_hc.bmp">
      <Filter>Resource Files</Filter>
    </Image>
    <Image Include="res\buttons.bmp">
      <Filter>Resource Files</Filter>
    </Image>
    <Image Include="res\filelarge.bmp">
      <Filter>Resource Files</Filter>
    </Image>
    <Image Include="res\filesmall.bmp">
      <Filter>Resource Files</Filter>
    </Image>
    <Image Include="res\main.bmp">
      <Filter>Resource Files</Filter>
    </Image>
    <Image Include="res\writelarge.bmp">
      <Filter>Resource Files</Filter>
    </Image>
    <Image Include="res\writesmall.bmp">
      <Filter>Resource Files</Filter>
    </Image>
    <Image Include="res\TradeCppDoc.ico">
      <Filter>Resource Files</Filter>
    </Image>
    <Image Include="res\TradeCpp.ico">
      <Filter>Resource Files</Filter>
    </Image>
    <Image Include="res\Toolbar.bmp">
      <Filter>Resource Files</Filter>
    </Image>
    <Image Include="res\Toolbar256.bmp">
      <Filter>Resource Files</Filter>
    </Image>
    <Image Include="500px-ETrade_svg.png">
      <Filter>Resource Files</Filter>
    </Image>
    <Image Include="500px-ETrade_svg.bmp">
      <Filter>Resource Files</Filter>
    </Image>
  </ItemGroup>
  <ItemGroup>
    <None Include="res\ribbon.mfcribbon-ms">
      <Filter>Resource Files</Filter>
    </None>
    <None Include="res\TradeCpp.rc2">
      <Filter>Resource Files</Filter>
    </None>
  </ItemGroup>
</Project>